
Microsoft Visual Studio Solution File, Format Version 12.00
# Visual Studio Version 17
VisualStudioVersion = 17.9.34622.214
MinimumVisualStudioVersion = 10.0.40219.1
Project("{FAE04EC0-301F-11D3-BF4B-00C04F79EFBC}") = "EchannelingSystem", "EchannelingSystem\EchannelingSystem.csproj", "{C1952B0E-4AB2-476E-B4C6-ECC9C574F849}"
EndProject
Global
	GlobalSection(SolutionConfigurationPlatforms) = preSolution
		Debug|Any CPU = Debug|Any CPU
		Release|Any CPU = Release|Any CPU
	EndGlobalSection
	GlobalSection(ProjectConfigurationPlatforms) = postSolution
		{C1952B0E-4AB2-476E-B4C6-ECC9C574F849}.Debug|Any CPU.ActiveCfg = Debug|Any CPU
		{C1952B0E-4AB2-476E-B4C6-ECC9C574F849}.Debug|Any CPU.Build.0 = Debug|Any CPU
		{C1952B0E-4AB2-476E-B4C6-ECC9C574F849}.Release|Any CPU.ActiveCfg = Release|Any CPU
		{C1952B0E-4AB2-476E-B4C6-ECC9C574F849}.Release|Any CPU.Build.0 = Release|Any CPU
	EndGlobalSection
	GlobalSection(SolutionProperties) = preSolution
		HideSolutionNode = FALSE
	EndGlobalSection
	GlobalSection(ExtensibilityGlobals) = postSolution
		SolutionGuid = {68BA22DF-A28D-44E7-8135-DF04561300BB}
	EndGlobalSection
EndGlobal
